
Microsoft Visual Studio Solution File, Format Version 12.00
# Visual Studio Version 17
VisualStudioVersion = 17.11.35312.102
MinimumVisualStudioVersion = 10.0.40219.1
Project("{FAE04EC0-301F-11D3-BF4B-00C04F79EFBC}") = "Postfix_Vyrazy", "Postfix_Vyrazy\Postfix_Vyrazy.csproj", "{55A0EFCC-FAD0-4A0C-B389-97A2BCFF783A}"
EndProject
Global
	GlobalSection(SolutionConfigurationPlatforms) = preSolution
		Debug|Any CPU = Debug|Any CPU
		Release|Any CPU = Release|Any CPU
	EndGlobalSection
	GlobalSection(ProjectConfigurationPlatforms) = postSolution
		{55A0EFCC-FAD0-4A0C-B389-97A2BCFF783A}.Debug|Any CPU.ActiveCfg = Debug|Any CPU
		{55A0EFCC-FAD0-4A0C-B389-97A2BCFF783A}.Debug|Any CPU.Build.0 = Debug|Any CPU
		{55A0EFCC-FAD0-4A0C-B389-97A2BCFF783A}.Release|Any CPU.ActiveCfg = Release|Any CPU
		{55A0EFCC-FAD0-4A0C-B389-97A2BCFF783A}.Release|Any CPU.Build.0 = Release|Any CPU
	EndGlobalSection
	GlobalSection(SolutionProperties) = preSolution
		HideSolutionNode = FALSE
	EndGlobalSection
	GlobalSection(ExtensibilityGlobals) = postSolution
		SolutionGuid = {6BA34C51-8208-41A5-9722-BFC3E9F2F3C1}
	EndGlobalSection
EndGlobal
