
Microsoft Visual Studio Solution File, Format Version 12.00
# Visual Studio Version 17
VisualStudioVersion = 17.11.35312.102
MinimumVisualStudioVersion = 10.0.40219.1
Project("{FAE04EC0-301F-11D3-BF4B-00C04F79EFBC}") = "retizek-pratelstvi", "retizek-pratelstvi\retizek-pratelstvi.csproj", "{29CA1136-5287-4ADD-90EB-A8A9C2BE5EAA}"
EndProject
Global
	GlobalSection(SolutionConfigurationPlatforms) = preSolution
		Debug|Any CPU = Debug|Any CPU
		Release|Any CPU = Release|Any CPU
	EndGlobalSection
	GlobalSection(ProjectConfigurationPlatforms) = postSolution
		{29CA1136-5287-4ADD-90EB-A8A9C2BE5EAA}.Debug|Any CPU.ActiveCfg = Debug|Any CPU
		{29CA1136-5287-4ADD-90EB-A8A9C2BE5EAA}.Debug|Any CPU.Build.0 = Debug|Any CPU
		{29CA1136-5287-4ADD-90EB-A8A9C2BE5EAA}.Release|Any CPU.ActiveCfg = Release|Any CPU
		{29CA1136-5287-4ADD-90EB-A8A9C2BE5EAA}.Release|Any CPU.Build.0 = Release|Any CPU
	EndGlobalSection
	GlobalSection(SolutionProperties) = preSolution
		HideSolutionNode = FALSE
	EndGlobalSection
	GlobalSection(ExtensibilityGlobals) = postSolution
		SolutionGuid = {5261B04C-3A51-416A-B63E-E74BDD66ADF3}
	EndGlobalSection
EndGlobal
