
Microsoft Visual Studio Solution File, Format Version 12.00
# Visual Studio Version 17
VisualStudioVersion = 17.11.35312.102
MinimumVisualStudioVersion = 10.0.40219.1
Project("{FAE04EC0-301F-11D3-BF4B-00C04F79EFBC}") = "QuickSort", "QuickSort\QuickSort.csproj", "{643BAF97-F680-479E-8844-1DF5334F1BB5}"
EndProject
Global
	GlobalSection(SolutionConfigurationPlatforms) = preSolution
		Debug|Any CPU = Debug|Any CPU
		Release|Any CPU = Release|Any CPU
	EndGlobalSection
	GlobalSection(ProjectConfigurationPlatforms) = postSolution
		{643BAF97-F680-479E-8844-1DF5334F1BB5}.Debug|Any CPU.ActiveCfg = Debug|Any CPU
		{643BAF97-F680-479E-8844-1DF5334F1BB5}.Debug|Any CPU.Build.0 = Debug|Any CPU
		{643BAF97-F680-479E-8844-1DF5334F1BB5}.Release|Any CPU.ActiveCfg = Release|Any CPU
		{643BAF97-F680-479E-8844-1DF5334F1BB5}.Release|Any CPU.Build.0 = Release|Any CPU
	EndGlobalSection
	GlobalSection(SolutionProperties) = preSolution
		HideSolutionNode = FALSE
	EndGlobalSection
	GlobalSection(ExtensibilityGlobals) = postSolution
		SolutionGuid = {7ED02F0F-34B1-463E-A385-87218F2D501C}
	EndGlobalSection
EndGlobal
