
Microsoft Visual Studio Solution File, Format Version 12.00
# Visual Studio Version 17
VisualStudioVersion = 17.14.36429.23 d17.14
MinimumVisualStudioVersion = 10.0.40219.1
Project("{FAE04EC0-301F-11D3-BF4B-00C04F79EFBC}") = "Mince", "Mince\Mince.csproj", "{345288E1-14F5-40A9-A104-945114D15B5B}"
EndProject
Global
	GlobalSection(SolutionConfigurationPlatforms) = preSolution
		Debug|Any CPU = Debug|Any CPU
		Release|Any CPU = Release|Any CPU
	EndGlobalSection
	GlobalSection(ProjectConfigurationPlatforms) = postSolution
		{345288E1-14F5-40A9-A104-945114D15B5B}.Debug|Any CPU.ActiveCfg = Debug|Any CPU
		{345288E1-14F5-40A9-A104-945114D15B5B}.Debug|Any CPU.Build.0 = Debug|Any CPU
		{345288E1-14F5-40A9-A104-945114D15B5B}.Release|Any CPU.ActiveCfg = Release|Any CPU
		{345288E1-14F5-40A9-A104-945114D15B5B}.Release|Any CPU.Build.0 = Release|Any CPU
	EndGlobalSection
	GlobalSection(SolutionProperties) = preSolution
		HideSolutionNode = FALSE
	EndGlobalSection
	GlobalSection(ExtensibilityGlobals) = postSolution
		SolutionGuid = {67F2DEC3-65F1-47B6-B97F-0DDFA9751E69}
	EndGlobalSection
EndGlobal
