
Microsoft Visual Studio Solution File, Format Version 12.00
# Visual Studio Version 17
VisualStudioVersion = 17.11.35312.102
MinimumVisualStudioVersion = 10.0.40219.1
Project("{FAE04EC0-301F-11D3-BF4B-00C04F79EFBC}") = "Spojovy-seznam", "Spojovy-seznam\Spojovy-seznam.csproj", "{E3A651EB-E912-418F-B213-C14E02C66A07}"
EndProject
Global
	GlobalSection(SolutionConfigurationPlatforms) = preSolution
		Debug|Any CPU = Debug|Any CPU
		Release|Any CPU = Release|Any CPU
	EndGlobalSection
	GlobalSection(ProjectConfigurationPlatforms) = postSolution
		{E3A651EB-E912-418F-B213-C14E02C66A07}.Debug|Any CPU.ActiveCfg = Debug|Any CPU
		{E3A651EB-E912-418F-B213-C14E02C66A07}.Debug|Any CPU.Build.0 = Debug|Any CPU
		{E3A651EB-E912-418F-B213-C14E02C66A07}.Release|Any CPU.ActiveCfg = Release|Any CPU
		{E3A651EB-E912-418F-B213-C14E02C66A07}.Release|Any CPU.Build.0 = Release|Any CPU
	EndGlobalSection
	GlobalSection(SolutionProperties) = preSolution
		HideSolutionNode = FALSE
	EndGlobalSection
	GlobalSection(ExtensibilityGlobals) = postSolution
		SolutionGuid = {A47D4D29-914F-47FB-B9C0-6CA78664E567}
	EndGlobalSection
EndGlobal
